// !$*UTF8*$!
{
	archiveVersion = 1;
	classes = {
	};
	objectVersion = 50;
	objects = {

/* Begin PBXBuildFile section */
		81F8083F25037BF400BEB38E /* AppDelegate.swift in Sources */ = {isa = PBXBuildFile; fileRef = 81F8083E25037BF400BEB38E /* AppDelegate.swift */; };
		81F8084125037BF400BEB38E /* SceneDelegate.swift in Sources */ = {isa = PBXBuildFile; fileRef = 81F8084025037BF400BEB38E /* SceneDelegate.swift */; };
		81F8084325037BF400BEB38E /* ViewController.swift in Sources */ = {isa = PBXBuildFile; fileRef = 81F8084225037BF400BEB38E /* ViewController.swift */; };
		81F8084625037BF400BEB38E /* Main.storyboard in Resources */ = {isa = PBXBuildFile; fileRef = 81F8084425037BF400BEB38E /* Main.storyboard */; };
		81F8084825037BF400BEB38E /* Assets.xcassets in Resources */ = {isa = PBXBuildFile; fileRef = 81F8084725037BF400BEB38E /* Assets.xcassets */; };
		81F8084B25037BF400BEB38E /* LaunchScreen.storyboard in Resources */ = {isa = PBXBuildFile; fileRef = 81F8084925037BF400BEB38E /* LaunchScreen.storyboard */; };
		81F8085425037CC000BEB38E /* CocktailModel.swift in Sources */ = {isa = PBXBuildFile; fileRef = 81F8085325037CC000BEB38E /* CocktailModel.swift */; };
		81F8085625037D8C00BEB38E /* DataService.swift in Sources */ = {isa = PBXBuildFile; fileRef = 81F8085525037D8C00BEB38E /* DataService.swift */; };
		81F8085825037FD800BEB38E /* GetCocktailVC.swift in Sources */ = {isa = PBXBuildFile; fileRef = 81F8085725037FD800BEB38E /* GetCocktailVC.swift */; };
		81F8085E2503850B00BEB38E /* CocktailCell.swift in Sources */ = {isa = PBXBuildFile; fileRef = 81F8085C2503850B00BEB38E /* CocktailCell.swift */; };
		81F8085F2503850B00BEB38E /* CocktailCell.xib in Resources */ = {isa = PBXBuildFile; fileRef = 81F8085D2503850B00BEB38E /* CocktailCell.xib */; };
		81F808612503860500BEB38E /* UIViewExtension.swift in Sources */ = {isa = PBXBuildFile; fileRef = 81F808602503860500BEB38E /* UIViewExtension.swift */; };
		81F808642503ACB600BEB38E /* DetailView.swift in Sources */ = {isa = PBXBuildFile; fileRef = 81F808632503ACB600BEB38E /* DetailView.swift */; };
		81F808662503ACC300BEB38E /* DetailView.xib in Resources */ = {isa = PBXBuildFile; fileRef = 81F808652503ACC300BEB38E /* DetailView.xib */; };
/* End PBXBuildFile section */

/* Begin PBXFileReference section */
		81F8083B25037BF400BEB38E /* ClosureTableViewDay1.app */ = {isa = PBXFileReference; explicitFileType = wrapper.application; includeInIndex = 0; path = ClosureTableViewDay1.app; sourceTree = BUILT_PRODUCTS_DIR; };
		81F8083E25037BF400BEB38E /* AppDelegate.swift */ = {isa = PBXFileReference; lastKnownFileType = sourcecode.swift; path = AppDelegate.swift; sourceTree = "<group>"; };
		81F8084025037BF400BEB38E /* SceneDelegate.swift */ = {isa = PBXFileReference; lastKnownFileType = sourcecode.swift; path = SceneDelegate.swift; sourceTree = "<group>"; };
		81F8084225037BF400BEB38E /* ViewController.swift */ = {isa = PBXFileReference; lastKnownFileType = sourcecode.swift; path = ViewController.swift; sourceTree = "<group>"; };
		81F8084525037BF400BEB38E /* Base */ = {isa = PBXFileReference; lastKnownFileType = file.storyboard; name = Base; path = Base.lproj/Main.storyboard; sourceTree = "<group>"; };
		81F8084725037BF400BEB38E /* Assets.xcassets */ = {isa = PBXFileReference; lastKnownFileType = folder.assetcatalog; path = Assets.xcassets; sourceTree = "<group>"; };
		81F8084A25037BF400BEB38E /* Base */ = {isa = PBXFileReference; lastKnownFileType = file.storyboard; name = Base; path = Base.lproj/LaunchScreen.storyboard; sourceTree = "<group>"; };
		81F8084C25037BF400BEB38E /* Info.plist */ = {isa = PBXFileReference; lastKnownFileType = text.plist.xml; path = Info.plist; sourceTree = "<group>"; };
		81F8085325037CC000BEB38E /* CocktailModel.swift */ = {isa = PBXFileReference; lastKnownFileType = sourcecode.swift; path = CocktailModel.swift; sourceTree = "<group>"; };
		81F8085525037D8C00BEB38E /* DataService.swift */ = {isa = PBXFileReference; lastKnownFileType = sourcecode.swift; path = DataService.swift; sourceTree = "<group>"; };
		81F8085725037FD800BEB38E /* GetCocktailVC.swift */ = {isa = PBXFileReference; lastKnownFileType = sourcecode.swift; path = GetCocktailVC.swift; sourceTree = "<group>"; };
		81F8085C2503850B00BEB38E /* CocktailCell.swift */ = {isa = PBXFileReference; lastKnownFileType = sourcecode.swift; path = CocktailCell.swift; sourceTree = "<group>"; };
		81F8085D2503850B00BEB38E /* CocktailCell.xib */ = {isa = PBXFileReference; lastKnownFileType = file.xib; path = CocktailCell.xib; sourceTree = "<group>"; };
		81F808602503860500BEB38E /* UIViewExtension.swift */ = {isa = PBXFileReference; lastKnownFileType = sourcecode.swift; path = UIViewExtension.swift; sourceTree = "<group>"; };
		81F808632503ACB600BEB38E /* DetailView.swift */ = {isa = PBXFileReference; lastKnownFileType = sourcecode.swift; path = DetailView.swift; sourceTree = "<group>"; };
		81F808652503ACC300BEB38E /* DetailView.xib */ = {isa = PBXFileReference; lastKnownFileType = file.xib; path = DetailView.xib; sourceTree = "<group>"; };
/* End PBXFileReference section */

/* Begin PBXFrameworksBuildPhase section */
		81F8083825037BF400BEB38E /* Frameworks */ = {
			isa = PBXFrameworksBuildPhase;
			buildActionMask = 2147483647;
			files = (
			);
			runOnlyForDeploymentPostprocessing = 0;
		};
/* End PBXFrameworksBuildPhase section */

/* Begin PBXGroup section */
		81F8083225037BF400BEB38E = {
			isa = PBXGroup;
			children = (
				81F8083D25037BF400BEB38E /* ClosureTableViewDay1 */,
				81F8083C25037BF400BEB38E /* Products */,
			);
			sourceTree = "<group>";
		};
		81F8083C25037BF400BEB38E /* Products */ = {
			isa = PBXGroup;
			children = (
				81F8083B25037BF400BEB38E /* ClosureTableViewDay1.app */,
			);
			name = Products;
			sourceTree = "<group>";
		};
		81F8083D25037BF400BEB38E /* ClosureTableViewDay1 */ = {
			isa = PBXGroup;
			children = (
				81F80859250384DE00BEB38E /* View */,
				81F8085225037CAE00BEB38E /* CallAPI */,
				81F8083E25037BF400BEB38E /* AppDelegate.swift */,
				81F8084025037BF400BEB38E /* SceneDelegate.swift */,
				81F8084225037BF400BEB38E /* ViewController.swift */,
				81F8085725037FD800BEB38E /* GetCocktailVC.swift */,
				81F8084425037BF400BEB38E /* Main.storyboard */,
				81F8084725037BF400BEB38E /* Assets.xcassets */,
				81F8084925037BF400BEB38E /* LaunchScreen.storyboard */,
				81F8084C25037BF400BEB38E /* Info.plist */,
				81F808602503860500BEB38E /* UIViewExtension.swift */,
			);
			path = ClosureTableViewDay1;
			sourceTree = "<group>";
		};
		81F8085225037CAE00BEB38E /* CallAPI */ = {
			isa = PBXGroup;
			children = (
				81F8085325037CC000BEB38E /* CocktailModel.swift */,
				81F8085525037D8C00BEB38E /* DataService.swift */,
			);
			path = CallAPI;
			sourceTree = "<group>";
		};
		81F80859250384DE00BEB38E /* View */ = {
			isa = PBXGroup;
			children = (
				81F8085B250384F500BEB38E /* DetailView */,
			);
			path = View;
			sourceTree = "<group>";
		};
		81F8085A250384EB00BEB38E /* Cell */ = {
			isa = PBXGroup;
			children = (
				81F8085C2503850B00BEB38E /* CocktailCell.swift */,
				81F8085D2503850B00BEB38E /* CocktailCell.xib */,
			);
			path = Cell;
			sourceTree = "<group>";
		};
		81F8085B250384F500BEB38E /* DetailView */ = {
			isa = PBXGroup;
			children = (
				81F808622503AC9F00BEB38E /* uiview */,
				81F8085A250384EB00BEB38E /* Cell */,
			);
			path = DetailView;
			sourceTree = "<group>";
		};
		81F808622503AC9F00BEB38E /* uiview */ = {
			isa = PBXGroup;
			children = (
				81F808632503ACB600BEB38E /* DetailView.swift */,
				81F808652503ACC300BEB38E /* DetailView.xib */,
			);
			path = uiview;
			sourceTree = "<group>";
		};
/* End PBXGroup section */

/* Begin PBXNativeTarget section */
		81F8083A25037BF400BEB38E /* ClosureTableViewDay1 */ = {
			isa = PBXNativeTarget;
			buildConfigurationList = 81F8084F25037BF400BEB38E /* Build configuration list for PBXNativeTarget "ClosureTableViewDay1" */;
			buildPhases = (
				81F8083725037BF400BEB38E /* Sources */,
				81F8083825037BF400BEB38E /* Frameworks */,
				81F8083925037BF400BEB38E /* Resources */,
			);
			buildRules = (
			);
			dependencies = (
			);
			name = ClosureTableViewDay1;
			productName = ClosureTableViewDay1;
			productReference = 81F8083B25037BF400BEB38E /* ClosureTableViewDay1.app */;
			productType = "com.apple.product-type.application";
		};
/* End PBXNativeTarget section */

/* Begin PBXProject section */
		81F8083325037BF400BEB38E /* Project object */ = {
			isa = PBXProject;
			attributes = {
				LastSwiftUpdateCheck = 1170;
				LastUpgradeCheck = 1170;
				ORGANIZATIONNAME = "LuyệnĐào";
				TargetAttributes = {
					81F8083A25037BF400BEB38E = {
						CreatedOnToolsVersion = 11.7;
					};
				};
			};
			buildConfigurationList = 81F8083625037BF400BEB38E /* Build configuration list for PBXProject "ClosureTableViewDay1" */;
			compatibilityVersion = "Xcode 9.3";
			developmentRegion = en;
			hasScannedForEncodings = 0;
			knownRegions = (
				en,
				Base,
			);
			mainGroup = 81F8083225037BF400BEB38E;
			productRefGroup = 81F8083C25037BF400BEB38E /* Products */;
			projectDirPath = "";
			projectRoot = "";
			targets = (
				81F8083A25037BF400BEB38E /* ClosureTableViewDay1 */,
			);
		};
/* End PBXProject section */

/* Begin PBXResourcesBuildPhase section */
		81F8083925037BF400BEB38E /* Resources */ = {
			isa = PBXResourcesBuildPhase;
			buildActionMask = 2147483647;
			files = (
				81F8084B25037BF400BEB38E /* LaunchScreen.storyboard in Resources */,
				81F8084825037BF400BEB38E /* Assets.xcassets in Resources */,
				81F8084625037BF400BEB38E /* Main.storyboard in Resources */,
				81F8085F2503850B00BEB38E /* CocktailCell.xib in Resources */,
				81F808662503ACC300BEB38E /* DetailView.xib in Resources */,
			);
			runOnlyForDeploymentPostprocessing = 0;
		};
/* End PBXResourcesBuildPhase section */

/* Begin PBXSourcesBuildPhase section */
		81F8083725037BF400BEB38E /* Sources */ = {
			isa = PBXSourcesBuildPhase;
			buildActionMask = 2147483647;
			files = (
				81F8084325037BF400BEB38E /* ViewController.swift in Sources */,
				81F808642503ACB600BEB38E /* DetailView.swift in Sources */,
				81F8085E2503850B00BEB38E /* CocktailCell.swift in Sources */,
				81F8085425037CC000BEB38E /* CocktailModel.swift in Sources */,
				81F8083F25037BF400BEB38E /* AppDelegate.swift in Sources */,
				81F8084125037BF400BEB38E /* SceneDelegate.swift in Sources */,
				81F8085625037D8C00BEB38E /* DataService.swift in Sources */,
				81F808612503860500BEB38E /* UIViewExtension.swift in Sources */,
				81F8085825037FD800BEB38E /* GetCocktailVC.swift in Sources */,
			);
			runOnlyForDeploymentPostprocessing = 0;
		};
/* End PBXSourcesBuildPhase section */

/* Begin PBXVariantGroup section */
		81F8084425037BF400BEB38E /* Main.storyboard */ = {
			isa = PBXVariantGroup;
			children = (
				81F8084525037BF400BEB38E /* Base */,
			);
			name = Main.storyboard;
			sourceTree = "<group>";
		};
		81F8084925037BF400BEB38E /* LaunchScreen.storyboard */ = {
			isa = PBXVariantGroup;
			children = (
				81F8084A25037BF400BEB38E /* Base */,
			);
			name = LaunchScreen.storyboard;
			sourceTree = "<group>";
		};
/* End PBXVariantGroup section */

/* Begin XCBuildConfiguration section */
		81F8084D25037BF400BEB38E /* Debug */ = {
			isa = XCBuildConfiguration;
			buildSettings = {
				ALWAYS_SEARCH_USER_PATHS = NO;
				CLANG_ANALYZER_NONNULL = YES;
				CLANG_ANALYZER_NUMBER_OBJECT_CONVERSION = YES_AGGRESSIVE;
				CLANG_CXX_LANGUAGE_STANDARD = "gnu++14";
				CLANG_CXX_LIBRARY = "libc++";
				CLANG_ENABLE_MODULES = YES;
				CLANG_ENABLE_OBJC_ARC = YES;
				CLANG_ENABLE_OBJC_WEAK = YES;
				CLANG_WARN_BLOCK_CAPTURE_AUTORELEASING = YES;
				CLANG_WARN_BOOL_CONVERSION = YES;
				CLANG_WARN_COMMA = YES;
				CLANG_WARN_CONSTANT_CONVERSION = YES;
				CLANG_WARN_DEPRECATED_OBJC_IMPLEMENTATIONS = YES;
				CLANG_WARN_DIRECT_OBJC_ISA_USAGE = YES_ERROR;
				CLANG_WARN_DOCUMENTATION_COMMENTS = YES;
				CLANG_WARN_EMPTY_BODY = YES;
				CLANG_WARN_ENUM_CONVERSION = YES;
				CLANG_WARN_INFINITE_RECURSION = YES;
				CLANG_WARN_INT_CONVERSION = YES;
				CLANG_WARN_NON_LITERAL_NULL_CONVERSION = YES;
				CLANG_WARN_OBJC_IMPLICIT_RETAIN_SELF = YES;
				CLANG_WARN_OBJC_LITERAL_CONVERSION = YES;
				CLANG_WARN_OBJC_ROOT_CLASS = YES_ERROR;
				CLANG_WARN_RANGE_LOOP_ANALYSIS = YES;
				CLANG_WARN_STRICT_PROTOTYPES = YES;
				CLANG_WARN_SUSPICIOUS_MOVE = YES;
				CLANG_WARN_UNGUARDED_AVAILABILITY = YES_AGGRESSIVE;
				CLANG_WARN_UNREACHABLE_CODE = YES;
				CLANG_WARN__DUPLICATE_METHOD_MATCH = YES;
				COPY_PHASE_STRIP = NO;
				DEBUG_INFORMATION_FORMAT = dwarf;
				ENABLE_STRICT_OBJC_MSGSEND = YES;
				ENABLE_TESTABILITY = YES;
				GCC_C_LANGUAGE_STANDARD = gnu11;
				GCC_DYNAMIC_NO_PIC = NO;
				GCC_NO_COMMON_BLOCKS = YES;
				GCC_OPTIMIZATION_LEVEL = 0;
				GCC_PREPROCESSOR_DEFINITIONS = (
					"DEBUG=1",
					"$(inherited)",
				);
				GCC_WARN_64_TO_32_BIT_CONVERSION = YES;
				GCC_WARN_ABOUT_RETURN_TYPE = YES_ERROR;
				GCC_WARN_UNDECLARED_SELECTOR = YES;
				GCC_WARN_UNINITIALIZED_AUTOS = YES_AGGRESSIVE;
				GCC_WARN_UNUSED_FUNCTION = YES;
				GCC_WARN_UNUSED_VARIABLE = YES;
				IPHONEOS_DEPLOYMENT_TARGET = 13.7;
				MTL_ENABLE_DEBUG_INFO = INCLUDE_SOURCE;
				MTL_FAST_MATH = YES;
				ONLY_ACTIVE_ARCH = YES;
				SDKROOT = iphoneos;
				SWIFT_ACTIVE_COMPILATION_CONDITIONS = DEBUG;
				SWIFT_OPTIMIZATION_LEVEL = "-Onone";
			};
			name = Debug;
		};
		81F8084E25037BF400BEB38E /* Release */ = {
			isa = XCBuildConfiguration;
			buildSettings = {
				ALWAYS_SEARCH_USER_PATHS = NO;
				CLANG_ANALYZER_NONNULL = YES;
				CLANG_ANALYZER_NUMBER_OBJECT_CONVERSION = YES_AGGRESSIVE;
				CLANG_CXX_LANGUAGE_STANDARD = "gnu++14";
				CLANG_CXX_LIBRARY = "libc++";
				CLANG_ENABLE_MODULES = YES;
				CLANG_ENABLE_OBJC_ARC = YES;
				CLANG_ENABLE_OBJC_WEAK = YES;
				CLANG_WARN_BLOCK_CAPTURE_AUTORELEASING = YES;
				CLANG_WARN_BOOL_CONVERSION = YES;
				CLANG_WARN_COMMA = YES;
				CLANG_WARN_CONSTANT_CONVERSION = YES;
				CLANG_WARN_DEPRECATED_OBJC_IMPLEMENTATIONS = YES;
				CLANG_WARN_DIRECT_OBJC_ISA_USAGE = YES_ERROR;
				CLANG_WARN_DOCUMENTATION_COMMENTS = YES;
				CLANG_WARN_EMPTY_BODY = YES;
				CLANG_WARN_ENUM_CONVERSION = YES;
				CLANG_WARN_INFINITE_RECURSION = YES;
				CLANG_WARN_INT_CONVERSION = YES;
				CLANG_WARN_NON_LITERAL_NULL_CONVERSION = YES;
				CLANG_WARN_OBJC_IMPLICIT_RETAIN_SELF = YES;
				CLANG_WARN_OBJC_LITERAL_CONVERSION = YES;
				CLANG_WARN_OBJC_ROOT_CLASS = YES_ERROR;
				CLANG_WARN_RANGE_LOOP_ANALYSIS = YES;
				CLANG_WARN_STRICT_PROTOTYPES = YES;
				CLANG_WARN_SUSPICIOUS_MOVE = YES;
				CLANG_WARN_UNGUARDED_AVAILABILITY = YES_AGGRESSIVE;
				CLANG_WARN_UNREACHABLE_CODE = YES;
				CLANG_WARN__DUPLICATE_METHOD_MATCH = YES;
				COPY_PHASE_STRIP = NO;
				DEBUG_INFORMATION_FORMAT = "dwarf-with-dsym";
				ENABLE_NS_ASSERTIONS = NO;
				ENABLE_STRICT_OBJC_MSGSEND = YES;
				GCC_C_LANGUAGE_STANDARD = gnu11;
				GCC_NO_COMMON_BLOCKS = YES;
				GCC_WARN_64_TO_32_BIT_CONVERSION = YES;
				GCC_WARN_ABOUT_RETURN_TYPE = YES_ERROR;
				GCC_WARN_UNDECLARED_SELECTOR = YES;
				GCC_WARN_UNINITIALIZED_AUTOS = YES_AGGRESSIVE;
				GCC_WARN_UNUSED_FUNCTION = YES;
				GCC_WARN_UNUSED_VARIABLE = YES;
				IPHONEOS_DEPLOYMENT_TARGET = 13.7;
				MTL_ENABLE_DEBUG_INFO = NO;
				MTL_FAST_MATH = YES;
				SDKROOT = iphoneos;
				SWIFT_COMPILATION_MODE = wholemodule;
				SWIFT_OPTIMIZATION_LEVEL = "-O";
				VALIDATE_PRODUCT = YES;
			};
			name = Release;
		};
		81F8085025037BF400BEB38E /* Debug */ = {
			isa = XCBuildConfiguration;
			buildSettings = {
				ASSETCATALOG_COMPILER_APPICON_NAME = AppIcon;
				CODE_SIGN_STYLE = Automatic;
				INFOPLIST_FILE = ClosureTableViewDay1/Info.plist;
				LD_RUNPATH_SEARCH_PATHS = (
					"$(inherited)",
					"@executable_path/Frameworks",
				);
				PRODUCT_BUNDLE_IDENTIFIER = "luye--n-a-o.ClosureTableViewDay1";
				PRODUCT_NAME = "$(TARGET_NAME)";
				SWIFT_VERSION = 5.0;
				TARGETED_DEVICE_FAMILY = "1,2";
			};
			name = Debug;
		};
		81F8085125037BF400BEB38E /* Release */ = {
			isa = XCBuildConfiguration;
			buildSettings = {
				ASSETCATALOG_COMPILER_APPICON_NAME = AppIcon;
				CODE_SIGN_STYLE = Automatic;
				INFOPLIST_FILE = ClosureTableViewDay1/Info.plist;
				LD_RUNPATH_SEARCH_PATHS = (
					"$(inherited)",
					"@executable_path/Frameworks",
				);
				PRODUCT_BUNDLE_IDENTIFIER = "luye--n-a-o.ClosureTableViewDay1";
				PRODUCT_NAME = "$(TARGET_NAME)";
				SWIFT_VERSION = 5.0;
				TARGETED_DEVICE_FAMILY = "1,2";
			};
			name = Release;
		};
/* End XCBuildConfiguration section */

/* Begin XCConfigurationList section */
		81F8083625037BF400BEB38E /* Build configuration list for PBXProject "ClosureTableViewDay1" */ = {
			isa = XCConfigurationList;
			buildConfigurations = (
				81F8084D25037BF400BEB38E /* Debug */,
				81F8084E25037BF400BEB38E /* Release */,
			);
			defaultConfigurationIsVisible = 0;
			defaultConfigurationName = Release;
		};
		81F8084F25037BF400BEB38E /* Build configuration list for PBXNativeTarget "ClosureTableViewDay1" */ = {
			isa = XCConfigurationList;
			buildConfigurations = (
				81F8085025037BF400BEB38E /* Debug */,
				81F8085125037BF400BEB38E /* Release */,
			);
			defaultConfigurationIsVisible = 0;
			defaultConfigurationName = Release;
		};
/* End XCConfigurationList section */
	};
	rootObject = 81F8083325037BF400BEB38E /* Project object */;
}
